
Microsoft Visual Studio Solution File, Format Version 12.00
# Visual Studio Version 17
VisualStudioVersion = 17.14.36408.4 d17.14
MinimumVisualStudioVersion = 10.0.40219.1
Project("{FAE04EC0-301F-11D3-BF4B-00C04F79EFBC}") = "virtual-assistant", "virtual-assistant.csproj", "{2668D17D-CED7-4A6B-906A-90A3E4D13328}"
EndProject
Global
	GlobalSection(SolutionConfigurationPlatforms) = preSolution
		Debug|Any CPU = Debug|Any CPU
		Release|Any CPU = Release|Any CPU
	EndGlobalSection
	GlobalSection(ProjectConfigurationPlatforms) = postSolution
		{2668D17D-CED7-4A6B-906A-90A3E4D13328}.Debug|Any CPU.ActiveCfg = Debug|Any CPU
		{2668D17D-CED7-4A6B-906A-90A3E4D13328}.Debug|Any CPU.Build.0 = Debug|Any CPU
		{2668D17D-CED7-4A6B-906A-90A3E4D13328}.Release|Any CPU.ActiveCfg = Release|Any CPU
		{2668D17D-CED7-4A6B-906A-90A3E4D13328}.Release|Any CPU.Build.0 = Release|Any CPU
	EndGlobalSection
	GlobalSection(SolutionProperties) = preSolution
		HideSolutionNode = FALSE
	EndGlobalSection
	GlobalSection(ExtensibilityGlobals) = postSolution
		SolutionGuid = {C6BCED4B-C566-4D39-AD15-87E8A366A955}
	EndGlobalSection
EndGlobal
